
Microsoft Visual Studio Solution File, Format Version 12.00
# Visual Studio Version 17
VisualStudioVersion = 17.10.35013.160
MinimumVisualStudioVersion = 10.0.40219.1
Project("{9A19103F-16F7-4668-BE54-9A1E7A4F7556}") = "D20Tek.LowDb", "src\D20Tek.LowDb\D20Tek.LowDb.csproj", "{A90456ED-6AA0-4BDF-A9CE-F26EDC92811C}"
EndProject
Project("{9A19103F-16F7-4668-BE54-9A1E7A4F7556}") = "D20Tek.LowDb.UnitTests", "tests\D20Tek.LowDb.UnitTests\D20Tek.LowDb.UnitTests.csproj", "{C2A9DE36-A080-46A5-830A-2D0BDB217601}"
EndProject
Project("{2150E333-8FDC-42A3-9474-1A3956D46DE8}") = "Samples", "Samples", "{2431B865-F5F6-4934-A31F-61167CC6C338}"
EndProject
Project("{9A19103F-16F7-4668-BE54-9A1E7A4F7556}") = "Sample.Cli", "samples\Sample.Cli\Sample.Cli.csproj", "{FC003014-9FE1-42C3-98FD-1EF20BC05F2B}"
EndProject
Project("{9A19103F-16F7-4668-BE54-9A1E7A4F7556}") = "Sample.WebApi", "samples\Sample.WebApi\Sample.WebApi.csproj", "{024602C9-37A1-4A88-8B31-D21B7DCE4080}"
EndProject
Project("{9A19103F-16F7-4668-BE54-9A1E7A4F7556}") = "Sample.BlazorWasm", "samples\Sample.BlazorWasm\Sample.BlazorWasm.csproj", "{E3853EF9-A83A-43CC-B18D-B7CBC0D5CEED}"
EndProject
Project("{FAE04EC0-301F-11D3-BF4B-00C04F79EFBC}") = "D20Tek.LowDb.Browser", "src\D20Tek.LowDb.Browser\D20Tek.LowDb.Browser.csproj", "{48FAEA45-B6CA-4D24-9771-2C9C38577E0E}"
EndProject
Project("{9A19103F-16F7-4668-BE54-9A1E7A4F7556}") = "Sample.AsyncCli", "samples\Sample.AsyncCli\Sample.AsyncCli.csproj", "{B8FB7329-2621-47BE-90E1-CF81C5D708B5}"
EndProject
Project("{FAE04EC0-301F-11D3-BF4B-00C04F79EFBC}") = "D20Tek.LowDb.Repositories", "src\D20Tek.LowDb.Repositories\D20Tek.LowDb.Repositories.csproj", "{D89552E0-EF21-429C-BF68-70CACC33D4F6}"
EndProject
Global
	GlobalSection(SolutionConfigurationPlatforms) = preSolution
		Debug|Any CPU = Debug|Any CPU
		Release|Any CPU = Release|Any CPU
	EndGlobalSection
	GlobalSection(ProjectConfigurationPlatforms) = postSolution
		{A90456ED-6AA0-4BDF-A9CE-F26EDC92811C}.Debug|Any CPU.ActiveCfg = Debug|Any CPU
		{A90456ED-6AA0-4BDF-A9CE-F26EDC92811C}.Debug|Any CPU.Build.0 = Debug|Any CPU
		{A90456ED-6AA0-4BDF-A9CE-F26EDC92811C}.Release|Any CPU.ActiveCfg = Release|Any CPU
		{A90456ED-6AA0-4BDF-A9CE-F26EDC92811C}.Release|Any CPU.Build.0 = Release|Any CPU
		{C2A9DE36-A080-46A5-830A-2D0BDB217601}.Debug|Any CPU.ActiveCfg = Debug|Any CPU
		{C2A9DE36-A080-46A5-830A-2D0BDB217601}.Debug|Any CPU.Build.0 = Debug|Any CPU
		{C2A9DE36-A080-46A5-830A-2D0BDB217601}.Release|Any CPU.ActiveCfg = Release|Any CPU
		{C2A9DE36-A080-46A5-830A-2D0BDB217601}.Release|Any CPU.Build.0 = Release|Any CPU
		{FC003014-9FE1-42C3-98FD-1EF20BC05F2B}.Debug|Any CPU.ActiveCfg = Debug|Any CPU
		{FC003014-9FE1-42C3-98FD-1EF20BC05F2B}.Debug|Any CPU.Build.0 = Debug|Any CPU
		{FC003014-9FE1-42C3-98FD-1EF20BC05F2B}.Release|Any CPU.ActiveCfg = Release|Any CPU
		{FC003014-9FE1-42C3-98FD-1EF20BC05F2B}.Release|Any CPU.Build.0 = Release|Any CPU
		{024602C9-37A1-4A88-8B31-D21B7DCE4080}.Debug|Any CPU.ActiveCfg = Debug|Any CPU
		{024602C9-37A1-4A88-8B31-D21B7DCE4080}.Debug|Any CPU.Build.0 = Debug|Any CPU
		{024602C9-37A1-4A88-8B31-D21B7DCE4080}.Release|Any CPU.ActiveCfg = Release|Any CPU
		{024602C9-37A1-4A88-8B31-D21B7DCE4080}.Release|Any CPU.Build.0 = Release|Any CPU
		{E3853EF9-A83A-43CC-B18D-B7CBC0D5CEED}.Debug|Any CPU.ActiveCfg = Debug|Any CPU
		{E3853EF9-A83A-43CC-B18D-B7CBC0D5CEED}.Debug|Any CPU.Build.0 = Debug|Any CPU
		{E3853EF9-A83A-43CC-B18D-B7CBC0D5CEED}.Release|Any CPU.ActiveCfg = Release|Any CPU
		{E3853EF9-A83A-43CC-B18D-B7CBC0D5CEED}.Release|Any CPU.Build.0 = Release|Any CPU
		{48FAEA45-B6CA-4D24-9771-2C9C38577E0E}.Debug|Any CPU.ActiveCfg = Debug|Any CPU
		{48FAEA45-B6CA-4D24-9771-2C9C38577E0E}.Debug|Any CPU.Build.0 = Debug|Any CPU
		{48FAEA45-B6CA-4D24-9771-2C9C38577E0E}.Release|Any CPU.ActiveCfg = Release|Any CPU
		{48FAEA45-B6CA-4D24-9771-2C9C38577E0E}.Release|Any CPU.Build.0 = Release|Any CPU
		{B8FB7329-2621-47BE-90E1-CF81C5D708B5}.Debug|Any CPU.ActiveCfg = Debug|Any CPU
		{B8FB7329-2621-47BE-90E1-CF81C5D708B5}.Debug|Any CPU.Build.0 = Debug|Any CPU
		{B8FB7329-2621-47BE-90E1-CF81C5D708B5}.Release|Any CPU.ActiveCfg = Release|Any CPU
		{B8FB7329-2621-47BE-90E1-CF81C5D708B5}.Release|Any CPU.Build.0 = Release|Any CPU
		{D89552E0-EF21-429C-BF68-70CACC33D4F6}.Debug|Any CPU.ActiveCfg = Debug|Any CPU
		{D89552E0-EF21-429C-BF68-70CACC33D4F6}.Debug|Any CPU.Build.0 = Debug|Any CPU
		{D89552E0-EF21-429C-BF68-70CACC33D4F6}.Release|Any CPU.ActiveCfg = Release|Any CPU
		{D89552E0-EF21-429C-BF68-70CACC33D4F6}.Release|Any CPU.Build.0 = Release|Any CPU
	EndGlobalSection
	GlobalSection(SolutionProperties) = preSolution
		HideSolutionNode = FALSE
	EndGlobalSection
	GlobalSection(NestedProjects) = preSolution
		{FC003014-9FE1-42C3-98FD-1EF20BC05F2B} = {2431B865-F5F6-4934-A31F-61167CC6C338}
		{024602C9-37A1-4A88-8B31-D21B7DCE4080} = {2431B865-F5F6-4934-A31F-61167CC6C338}
		{E3853EF9-A83A-43CC-B18D-B7CBC0D5CEED} = {2431B865-F5F6-4934-A31F-61167CC6C338}
		{B8FB7329-2621-47BE-90E1-CF81C5D708B5} = {2431B865-F5F6-4934-A31F-61167CC6C338}
	EndGlobalSection
	GlobalSection(ExtensibilityGlobals) = postSolution
		SolutionGuid = {B0CDD78E-ED9A-46E1-BD18-C932820F9A6C}
	EndGlobalSection
EndGlobal
